
Microsoft Visual Studio Solution File, Format Version 12.00
# Visual Studio Version 17
VisualStudioVersion = 17.2.32616.157
MinimumVisualStudioVersion = 10.0.40219.1
Project("{FAE04EC0-301F-11D3-BF4B-00C04F79EFBC}") = "TodoApi", "TodoApi\TodoApi.csproj", "{13F7330C-C29E-4759-9418-B1812092D595}"
EndProject
Global
	GlobalSection(SolutionConfigurationPlatforms) = preSolution
		Debug|Any CPU = Debug|Any CPU
		Release|Any CPU = Release|Any CPU
	EndGlobalSection
	GlobalSection(ProjectConfigurationPlatforms) = postSolution
		{13F7330C-C29E-4759-9418-B1812092D595}.Debug|Any CPU.ActiveCfg = Debug|Any CPU
		{13F7330C-C29E-4759-9418-B1812092D595}.Debug|Any CPU.Build.0 = Debug|Any CPU
		{13F7330C-C29E-4759-9418-B1812092D595}.Release|Any CPU.ActiveCfg = Release|Any CPU
		{13F7330C-C29E-4759-9418-B1812092D595}.Release|Any CPU.Build.0 = Release|Any CPU
	EndGlobalSection
	GlobalSection(SolutionProperties) = preSolution
		HideSolutionNode = FALSE
	EndGlobalSection
	GlobalSection(ExtensibilityGlobals) = postSolution
		SolutionGuid = {5CA4E6B0-26A1-4584-A8F3-557204059B79}
	EndGlobalSection
EndGlobal
